
Microsoft Visual Studio Solution File, Format Version 12.00
# Visual Studio Version 16
VisualStudioVersion = 16.0.31229.75
MinimumVisualStudioVersion = 10.0.40219.1
Project("{2150E333-8FDC-42A3-9474-1A3956D46DE8}") = "Frontend", "Frontend", "{B5540E2E-FA29-4A1B-B443-5B6252F47D54}"
EndProject
Project("{2150E333-8FDC-42A3-9474-1A3956D46DE8}") = "Backend", "Backend", "{CC024C45-DC35-466D-ACF5-A73E1DD4D215}"
EndProject
Project("{2150E333-8FDC-42A3-9474-1A3956D46DE8}") = "2 - Services", "2 - Services", "{CAAA5A67-FDC8-41B8-9C22-8351B262F650}"
EndProject
Project("{2150E333-8FDC-42A3-9474-1A3956D46DE8}") = "3 - Applications", "3 - Applications", "{BD42C400-5AC8-4181-ACA5-A1B13F49D143}"
EndProject
Project("{2150E333-8FDC-42A3-9474-1A3956D46DE8}") = "4 - Domains", "4 - Domains", "{9422680D-8C80-4AEE-BACB-9D6C83C56A3C}"
EndProject
Project("{2150E333-8FDC-42A3-9474-1A3956D46DE8}") = "5 - Infrastrucutures", "5 - Infrastrucutures", "{AC4693B3-0D3E-4E68-BA07-B2EDC2566337}"
EndProject
Project("{2150E333-8FDC-42A3-9474-1A3956D46DE8}") = "4.1 - Domains", "4.1 - Domains", "{359144B0-3B5F-47FC-B043-DAA431751CCC}"
EndProject
Project("{2150E333-8FDC-42A3-9474-1A3956D46DE8}") = "4.2 - DomainsCore", "4.2 - DomainsCore", "{65097ED3-FF41-4409-AFC2-8E7EB249F0DB}"
EndProject
Project("{2150E333-8FDC-42A3-9474-1A3956D46DE8}") = "5.1 - Infra.Datas", "5.1 - Infra.Datas", "{4131B910-C87F-4896-B6A1-502F1B5CC1D5}"
EndProject
Project("{2150E333-8FDC-42A3-9474-1A3956D46DE8}") = "5.2 - Infra.CrossCuttings", "5.2 - Infra.CrossCuttings", "{6041020C-60A6-445E-B183-4AF9D3E2C161}"
EndProject
Project("{9A19103F-16F7-4668-BE54-9A1E7A4F7556}") = "Ecommerce.Domain.Core", "src\Ecommerce.Domain.Core\Ecommerce.Domain.Core.csproj", "{656D5821-3356-414C-A12E-43EE0C962BDF}"
EndProject
Project("{9A19103F-16F7-4668-BE54-9A1E7A4F7556}") = "Ecommerce.Domain", "src\Ecommerce.Domain\Ecommerce.Domain.csproj", "{66FEE6DA-263D-411C-A464-5A8C4F903555}"
EndProject
Project("{9A19103F-16F7-4668-BE54-9A1E7A4F7556}") = "Ecommerce.Infra.Data", "src\Ecommerce.Infra.Data\Ecommerce.Infra.Data.csproj", "{B9F75151-16AC-4751-AA31-9792BD5B6898}"
EndProject
Project("{2150E333-8FDC-42A3-9474-1A3956D46DE8}") = "5.2.1 - Infra.CrossCutting.Bus", "5.2.1 - Infra.CrossCutting.Bus", "{CF78FDA1-1771-4D18-83B8-024FF26E057D}"
EndProject
Project("{2150E333-8FDC-42A3-9474-1A3956D46DE8}") = "5.2.2 - CInfra.rossCutting.Identity", "5.2.2 - CInfra.rossCutting.Identity", "{DC69F70A-2146-4D15-B15B-8085EFF6DAB9}"
EndProject
Project("{9A19103F-16F7-4668-BE54-9A1E7A4F7556}") = "Ecommerce.Infra.CrossCutting.Bus", "src\Ecommerce.Infra.CrossCutting.Bus\Ecommerce.Infra.CrossCutting.Bus.csproj", "{2FEBFB4C-B6C2-4B26-8F5E-58ED661F66C7}"
EndProject
Project("{9A19103F-16F7-4668-BE54-9A1E7A4F7556}") = "Ecommerce.Infra.CrossCotting.Identity", "src\Ecommerce.Infra.CrossCotting.Identity\Ecommerce.Infra.CrossCotting.Identity.csproj", "{AA7F675C-4E38-4CF9-BC54-3665B0053EA6}"
EndProject
Project("{2150E333-8FDC-42A3-9474-1A3956D46DE8}") = "5.2.3 - Infra.CrossCutting.IoC", "5.2.3 - Infra.CrossCutting.IoC", "{FAF85E9F-52EB-4AD0-A161-8587CA39D1FE}"
EndProject
Project("{9A19103F-16F7-4668-BE54-9A1E7A4F7556}") = "Ecommerce.Infra.CrossCutting.IoC", "src\Ecommerce.Infra.CrossCutting.IoC\Ecommerce.Infra.CrossCutting.IoC.csproj", "{9BF6263A-C732-4226-B0AC-17DD087C0FBB}"
EndProject
Project("{9A19103F-16F7-4668-BE54-9A1E7A4F7556}") = "Ecommerce.Application", "src\Ecommerce.Application\Ecommerce.Application.csproj", "{4A0487C7-684E-4BCA-A5D0-37D308EE8D59}"
EndProject
Project("{2150E333-8FDC-42A3-9474-1A3956D46DE8}") = "1 - Presentations", "1 - Presentations", "{A509852B-ACAA-4A3A-900F-59671C956B71}"
EndProject
Project("{9A19103F-16F7-4668-BE54-9A1E7A4F7556}") = "Ecommerce.Service.Api", "src\Ecommerce.Service.Api\Ecommerce.Service.Api.csproj", "{BE897382-FF6E-4D6B-B0A6-CBE96653F746}"
EndProject
Global
	GlobalSection(SolutionConfigurationPlatforms) = preSolution
		Debug|Any CPU = Debug|Any CPU
		Release|Any CPU = Release|Any CPU
	EndGlobalSection
	GlobalSection(ProjectConfigurationPlatforms) = postSolution
		{656D5821-3356-414C-A12E-43EE0C962BDF}.Debug|Any CPU.ActiveCfg = Debug|Any CPU
		{656D5821-3356-414C-A12E-43EE0C962BDF}.Debug|Any CPU.Build.0 = Debug|Any CPU
		{656D5821-3356-414C-A12E-43EE0C962BDF}.Release|Any CPU.ActiveCfg = Release|Any CPU
		{656D5821-3356-414C-A12E-43EE0C962BDF}.Release|Any CPU.Build.0 = Release|Any CPU
		{66FEE6DA-263D-411C-A464-5A8C4F903555}.Debug|Any CPU.ActiveCfg = Debug|Any CPU
		{66FEE6DA-263D-411C-A464-5A8C4F903555}.Debug|Any CPU.Build.0 = Debug|Any CPU
		{66FEE6DA-263D-411C-A464-5A8C4F903555}.Release|Any CPU.ActiveCfg = Release|Any CPU
		{66FEE6DA-263D-411C-A464-5A8C4F903555}.Release|Any CPU.Build.0 = Release|Any CPU
		{B9F75151-16AC-4751-AA31-9792BD5B6898}.Debug|Any CPU.ActiveCfg = Debug|Any CPU
		{B9F75151-16AC-4751-AA31-9792BD5B6898}.Debug|Any CPU.Build.0 = Debug|Any CPU
		{B9F75151-16AC-4751-AA31-9792BD5B6898}.Release|Any CPU.ActiveCfg = Release|Any CPU
		{B9F75151-16AC-4751-AA31-9792BD5B6898}.Release|Any CPU.Build.0 = Release|Any CPU
		{2FEBFB4C-B6C2-4B26-8F5E-58ED661F66C7}.Debug|Any CPU.ActiveCfg = Debug|Any CPU
		{2FEBFB4C-B6C2-4B26-8F5E-58ED661F66C7}.Debug|Any CPU.Build.0 = Debug|Any CPU
		{2FEBFB4C-B6C2-4B26-8F5E-58ED661F66C7}.Release|Any CPU.ActiveCfg = Release|Any CPU
		{2FEBFB4C-B6C2-4B26-8F5E-58ED661F66C7}.Release|Any CPU.Build.0 = Release|Any CPU
		{AA7F675C-4E38-4CF9-BC54-3665B0053EA6}.Debug|Any CPU.ActiveCfg = Debug|Any CPU
		{AA7F675C-4E38-4CF9-BC54-3665B0053EA6}.Debug|Any CPU.Build.0 = Debug|Any CPU
		{AA7F675C-4E38-4CF9-BC54-3665B0053EA6}.Release|Any CPU.ActiveCfg = Release|Any CPU
		{AA7F675C-4E38-4CF9-BC54-3665B0053EA6}.Release|Any CPU.Build.0 = Release|Any CPU
		{9BF6263A-C732-4226-B0AC-17DD087C0FBB}.Debug|Any CPU.ActiveCfg = Debug|Any CPU
		{9BF6263A-C732-4226-B0AC-17DD087C0FBB}.Debug|Any CPU.Build.0 = Debug|Any CPU
		{9BF6263A-C732-4226-B0AC-17DD087C0FBB}.Release|Any CPU.ActiveCfg = Release|Any CPU
		{9BF6263A-C732-4226-B0AC-17DD087C0FBB}.Release|Any CPU.Build.0 = Release|Any CPU
		{4A0487C7-684E-4BCA-A5D0-37D308EE8D59}.Debug|Any CPU.ActiveCfg = Debug|Any CPU
		{4A0487C7-684E-4BCA-A5D0-37D308EE8D59}.Debug|Any CPU.Build.0 = Debug|Any CPU
		{4A0487C7-684E-4BCA-A5D0-37D308EE8D59}.Release|Any CPU.ActiveCfg = Release|Any CPU
		{4A0487C7-684E-4BCA-A5D0-37D308EE8D59}.Release|Any CPU.Build.0 = Release|Any CPU
		{BE897382-FF6E-4D6B-B0A6-CBE96653F746}.Debug|Any CPU.ActiveCfg = Debug|Any CPU
		{BE897382-FF6E-4D6B-B0A6-CBE96653F746}.Debug|Any CPU.Build.0 = Debug|Any CPU
		{BE897382-FF6E-4D6B-B0A6-CBE96653F746}.Release|Any CPU.ActiveCfg = Release|Any CPU
		{BE897382-FF6E-4D6B-B0A6-CBE96653F746}.Release|Any CPU.Build.0 = Release|Any CPU
	EndGlobalSection
	GlobalSection(SolutionProperties) = preSolution
		HideSolutionNode = FALSE
	EndGlobalSection
	GlobalSection(NestedProjects) = preSolution
		{CAAA5A67-FDC8-41B8-9C22-8351B262F650} = {B5540E2E-FA29-4A1B-B443-5B6252F47D54}
		{BD42C400-5AC8-4181-ACA5-A1B13F49D143} = {B5540E2E-FA29-4A1B-B443-5B6252F47D54}
		{9422680D-8C80-4AEE-BACB-9D6C83C56A3C} = {B5540E2E-FA29-4A1B-B443-5B6252F47D54}
		{AC4693B3-0D3E-4E68-BA07-B2EDC2566337} = {B5540E2E-FA29-4A1B-B443-5B6252F47D54}
		{359144B0-3B5F-47FC-B043-DAA431751CCC} = {9422680D-8C80-4AEE-BACB-9D6C83C56A3C}
		{65097ED3-FF41-4409-AFC2-8E7EB249F0DB} = {9422680D-8C80-4AEE-BACB-9D6C83C56A3C}
		{4131B910-C87F-4896-B6A1-502F1B5CC1D5} = {AC4693B3-0D3E-4E68-BA07-B2EDC2566337}
		{6041020C-60A6-445E-B183-4AF9D3E2C161} = {AC4693B3-0D3E-4E68-BA07-B2EDC2566337}
		{656D5821-3356-414C-A12E-43EE0C962BDF} = {65097ED3-FF41-4409-AFC2-8E7EB249F0DB}
		{66FEE6DA-263D-411C-A464-5A8C4F903555} = {359144B0-3B5F-47FC-B043-DAA431751CCC}
		{B9F75151-16AC-4751-AA31-9792BD5B6898} = {4131B910-C87F-4896-B6A1-502F1B5CC1D5}
		{CF78FDA1-1771-4D18-83B8-024FF26E057D} = {6041020C-60A6-445E-B183-4AF9D3E2C161}
		{DC69F70A-2146-4D15-B15B-8085EFF6DAB9} = {6041020C-60A6-445E-B183-4AF9D3E2C161}
		{2FEBFB4C-B6C2-4B26-8F5E-58ED661F66C7} = {CF78FDA1-1771-4D18-83B8-024FF26E057D}
		{AA7F675C-4E38-4CF9-BC54-3665B0053EA6} = {DC69F70A-2146-4D15-B15B-8085EFF6DAB9}
		{FAF85E9F-52EB-4AD0-A161-8587CA39D1FE} = {6041020C-60A6-445E-B183-4AF9D3E2C161}
		{9BF6263A-C732-4226-B0AC-17DD087C0FBB} = {FAF85E9F-52EB-4AD0-A161-8587CA39D1FE}
		{4A0487C7-684E-4BCA-A5D0-37D308EE8D59} = {BD42C400-5AC8-4181-ACA5-A1B13F49D143}
		{A509852B-ACAA-4A3A-900F-59671C956B71} = {CC024C45-DC35-466D-ACF5-A73E1DD4D215}
		{BE897382-FF6E-4D6B-B0A6-CBE96653F746} = {CAAA5A67-FDC8-41B8-9C22-8351B262F650}
	EndGlobalSection
	GlobalSection(ExtensibilityGlobals) = postSolution
		SolutionGuid = {6C04D156-905B-4358-933A-D3AA596998D5}
	EndGlobalSection
EndGlobal
